
Microsoft Visual Studio Solution File, Format Version 12.00
# Visual Studio 15
VisualStudioVersion = 15.0.27130.2010
MinimumVisualStudioVersion = 10.0.40219.1
Project("{2150E333-8FDC-42A3-9474-1A3956D46DE8}") = "00公共功能主件", "00公共功能主件", "{235D4F17-DFB0-43B5-A82E-E55C503FBE6A}"
EndProject
Project("{2150E333-8FDC-42A3-9474-1A3956D46DE8}") = "01业务实体模型", "01业务实体模型", "{3AB9E72A-BA56-4502-AC37-7A4F888C8B26}"
EndProject
Project("{2150E333-8FDC-42A3-9474-1A3956D46DE8}") = "02数据处理", "02数据处理", "{9E096D06-C37B-4C80-AC39-EF3493237302}"
EndProject
Project("{2150E333-8FDC-42A3-9474-1A3956D46DE8}") = "03视图模型", "03视图模型", "{10DDF704-83D9-4F90-A746-01322D297E2B}"
EndProject
Project("{2150E333-8FDC-42A3-9474-1A3956D46DE8}") = "04Web站点", "04Web站点", "{C5294E05-45C0-4C8C-8A82-7644C6B5624E}"
EndProject
Project("{FAE04EC0-301F-11D3-BF4B-00C04F79EFBC}") = "School.Common", "School.Common\School.Common.csproj", "{E3466EF1-5591-46B2-9BA7-7796DA4E04E6}"
EndProject
Project("{FAE04EC0-301F-11D3-BF4B-00C04F79EFBC}") = "School.Entities", "School.Entities\School.Entities.csproj", "{3767A76B-3B84-45CA-B4DA-808060D82E00}"
EndProject
Project("{FAE04EC0-301F-11D3-BF4B-00C04F79EFBC}") = "School.DataAccess", "School.DataAccess\School.DataAccess.csproj", "{BA8A0020-9039-4A5E-92DA-D97536841413}"
EndProject
Project("{FAE04EC0-301F-11D3-BF4B-00C04F79EFBC}") = "School.ViewModels", "School.ViewModels\School.ViewModels.csproj", "{F6B7E0D3-FC8A-4B5F-9882-CE6C685F9E1D}"
EndProject
Project("{FAE04EC0-301F-11D3-BF4B-00C04F79EFBC}") = "School.Web", "School.Web\School.Web.csproj", "{49890656-5F80-472E-B1F4-B4ECD68D8809}"
EndProject
Global
	GlobalSection(SolutionConfigurationPlatforms) = preSolution
		Debug|Any CPU = Debug|Any CPU
		Release|Any CPU = Release|Any CPU
	EndGlobalSection
	GlobalSection(ProjectConfigurationPlatforms) = postSolution
		{E3466EF1-5591-46B2-9BA7-7796DA4E04E6}.Debug|Any CPU.ActiveCfg = Debug|Any CPU
		{E3466EF1-5591-46B2-9BA7-7796DA4E04E6}.Debug|Any CPU.Build.0 = Debug|Any CPU
		{E3466EF1-5591-46B2-9BA7-7796DA4E04E6}.Release|Any CPU.ActiveCfg = Release|Any CPU
		{E3466EF1-5591-46B2-9BA7-7796DA4E04E6}.Release|Any CPU.Build.0 = Release|Any CPU
		{3767A76B-3B84-45CA-B4DA-808060D82E00}.Debug|Any CPU.ActiveCfg = Debug|Any CPU
		{3767A76B-3B84-45CA-B4DA-808060D82E00}.Debug|Any CPU.Build.0 = Debug|Any CPU
		{3767A76B-3B84-45CA-B4DA-808060D82E00}.Release|Any CPU.ActiveCfg = Release|Any CPU
		{3767A76B-3B84-45CA-B4DA-808060D82E00}.Release|Any CPU.Build.0 = Release|Any CPU
		{BA8A0020-9039-4A5E-92DA-D97536841413}.Debug|Any CPU.ActiveCfg = Debug|Any CPU
		{BA8A0020-9039-4A5E-92DA-D97536841413}.Debug|Any CPU.Build.0 = Debug|Any CPU
		{BA8A0020-9039-4A5E-92DA-D97536841413}.Release|Any CPU.ActiveCfg = Release|Any CPU
		{BA8A0020-9039-4A5E-92DA-D97536841413}.Release|Any CPU.Build.0 = Release|Any CPU
		{F6B7E0D3-FC8A-4B5F-9882-CE6C685F9E1D}.Debug|Any CPU.ActiveCfg = Debug|Any CPU
		{F6B7E0D3-FC8A-4B5F-9882-CE6C685F9E1D}.Debug|Any CPU.Build.0 = Debug|Any CPU
		{F6B7E0D3-FC8A-4B5F-9882-CE6C685F9E1D}.Release|Any CPU.ActiveCfg = Release|Any CPU
		{F6B7E0D3-FC8A-4B5F-9882-CE6C685F9E1D}.Release|Any CPU.Build.0 = Release|Any CPU
		{49890656-5F80-472E-B1F4-B4ECD68D8809}.Debug|Any CPU.ActiveCfg = Debug|Any CPU
		{49890656-5F80-472E-B1F4-B4ECD68D8809}.Debug|Any CPU.Build.0 = Debug|Any CPU
		{49890656-5F80-472E-B1F4-B4ECD68D8809}.Release|Any CPU.ActiveCfg = Release|Any CPU
		{49890656-5F80-472E-B1F4-B4ECD68D8809}.Release|Any CPU.Build.0 = Release|Any CPU
	EndGlobalSection
	GlobalSection(SolutionProperties) = preSolution
		HideSolutionNode = FALSE
	EndGlobalSection
	GlobalSection(NestedProjects) = preSolution
		{E3466EF1-5591-46B2-9BA7-7796DA4E04E6} = {235D4F17-DFB0-43B5-A82E-E55C503FBE6A}
		{3767A76B-3B84-45CA-B4DA-808060D82E00} = {3AB9E72A-BA56-4502-AC37-7A4F888C8B26}
		{BA8A0020-9039-4A5E-92DA-D97536841413} = {9E096D06-C37B-4C80-AC39-EF3493237302}
		{F6B7E0D3-FC8A-4B5F-9882-CE6C685F9E1D} = {10DDF704-83D9-4F90-A746-01322D297E2B}
		{49890656-5F80-472E-B1F4-B4ECD68D8809} = {C5294E05-45C0-4C8C-8A82-7644C6B5624E}
	EndGlobalSection
	GlobalSection(ExtensibilityGlobals) = postSolution
		SolutionGuid = {580E1A11-D9B3-4780-A9CF-7FA8EE0C49FC}
	EndGlobalSection
	GlobalSection(TeamFoundationVersionControl) = preSolution
		SccNumberOfProjects = 6
		SccEnterpriseProvider = {4CA58AB2-18FA-4F8D-95D4-32DDF27D184C}
		SccTeamFoundationServer = https://zhuifengderen.visualstudio.com/
		SccLocalPath0 = .
		SccProjectUniqueName1 = School.Common\\School.Common.csproj
		SccProjectTopLevelParentUniqueName1 = SchoolStartJourney.sln
		SccProjectName1 = School.Common
		SccLocalPath1 = School.Common
		SccProjectUniqueName2 = School.Entities\\School.Entities.csproj
		SccProjectTopLevelParentUniqueName2 = SchoolStartJourney.sln
		SccProjectName2 = School.Entities
		SccLocalPath2 = School.Entities
		SccProjectUniqueName3 = School.DataAccess\\School.DataAccess.csproj
		SccProjectTopLevelParentUniqueName3 = SchoolStartJourney.sln
		SccProjectName3 = School.DataAccess
		SccLocalPath3 = School.DataAccess
		SccProjectUniqueName4 = School.ViewModels\\School.ViewModels.csproj
		SccProjectTopLevelParentUniqueName4 = SchoolStartJourney.sln
		SccProjectName4 = School.ViewModels
		SccLocalPath4 = School.ViewModels
		SccProjectUniqueName5 = School.Web\\School.Web.csproj
		SccProjectTopLevelParentUniqueName5 = SchoolStartJourney.sln
		SccProjectName5 = School.Web
		SccLocalPath5 = School.Web
	EndGlobalSection
EndGlobal
